
Microsoft Visual Studio Solution File, Format Version 12.00
# Visual Studio Version 16
VisualStudioVersion = 16.0.29021.104
MinimumVisualStudioVersion = 10.0.40219.1
Project("{FAE04EC0-301F-11D3-BF4B-00C04F79EFBC}") = "KitapSatis", "KitapSatis\KitapSatis.csproj", "{88D0A8DD-1029-40B4-9C29-01E921C39CAF}"
EndProject
Global
	GlobalSection(SolutionConfigurationPlatforms) = preSolution
		Debug|Any CPU = Debug|Any CPU
		Release|Any CPU = Release|Any CPU
	EndGlobalSection
	GlobalSection(ProjectConfigurationPlatforms) = postSolution
		{88D0A8DD-1029-40B4-9C29-01E921C39CAF}.Debug|Any CPU.ActiveCfg = Debug|Any CPU
		{88D0A8DD-1029-40B4-9C29-01E921C39CAF}.Debug|Any CPU.Build.0 = Debug|Any CPU
		{88D0A8DD-1029-40B4-9C29-01E921C39CAF}.Release|Any CPU.ActiveCfg = Release|Any CPU
		{88D0A8DD-1029-40B4-9C29-01E921C39CAF}.Release|Any CPU.Build.0 = Release|Any CPU
	EndGlobalSection
	GlobalSection(SolutionProperties) = preSolution
		HideSolutionNode = FALSE
	EndGlobalSection
	GlobalSection(ExtensibilityGlobals) = postSolution
		SolutionGuid = {384B79CA-1219-4EB4-ACA8-6052F80B11C4}
	EndGlobalSection
EndGlobal
